
Microsoft Visual Studio Solution File, Format Version 12.00
Project("{FAE04EC0-301F-11D3-BF4B-00C04F79EFBC}") = "SwiftParrot", "src\SwiftParrot\SwiftParrot.csproj", "{5FA9E56A-2155-47A2-AE14-2BCAFCFAD280}"
EndProject
Project("{FAE04EC0-301F-11D3-BF4B-00C04F79EFBC}") = "SwiftParrot.Tests", "tests\SwiftParrot.Tests\SwiftParrot.Tests.csproj", "{567ABF3B-12B9-4567-ABEA-16BC2932B629}"
EndProject
Global
	GlobalSection(SolutionConfigurationPlatforms) = preSolution
		Debug|Any CPU = Debug|Any CPU
		Release|Any CPU = Release|Any CPU
	EndGlobalSection
	GlobalSection(ProjectConfigurationPlatforms) = postSolution
		{5FA9E56A-2155-47A2-AE14-2BCAFCFAD280}.Debug|Any CPU.ActiveCfg = Debug|Any CPU
		{5FA9E56A-2155-47A2-AE14-2BCAFCFAD280}.Debug|Any CPU.Build.0 = Debug|Any CPU
		{5FA9E56A-2155-47A2-AE14-2BCAFCFAD280}.Release|Any CPU.ActiveCfg = Release|Any CPU
		{5FA9E56A-2155-47A2-AE14-2BCAFCFAD280}.Release|Any CPU.Build.0 = Release|Any CPU
		{567ABF3B-12B9-4567-ABEA-16BC2932B629}.Debug|Any CPU.ActiveCfg = Debug|Any CPU
		{567ABF3B-12B9-4567-ABEA-16BC2932B629}.Debug|Any CPU.Build.0 = Debug|Any CPU
		{567ABF3B-12B9-4567-ABEA-16BC2932B629}.Release|Any CPU.ActiveCfg = Release|Any CPU
		{567ABF3B-12B9-4567-ABEA-16BC2932B629}.Release|Any CPU.Build.0 = Release|Any CPU
	EndGlobalSection
EndGlobal
